
Microsoft Visual Studio Solution File, Format Version 12.00
# Visual Studio 15
VisualStudioVersion = 15.0.28307.421
MinimumVisualStudioVersion = 10.0.40219.1
Project("{FAE04EC0-301F-11D3-BF4B-00C04F79EFBC}") = "WpfApp1", "WpfApp1\WpfApp1.csproj", "{4E40D509-B10C-4788-96D9-DFDA1FD64CFC}"
EndProject
Global
	GlobalSection(SolutionConfigurationPlatforms) = preSolution
		Debug|Any CPU = Debug|Any CPU
		Release|Any CPU = Release|Any CPU
	EndGlobalSection
	GlobalSection(ProjectConfigurationPlatforms) = postSolution
		{4E40D509-B10C-4788-96D9-DFDA1FD64CFC}.Debug|Any CPU.ActiveCfg = Debug|Any CPU
		{4E40D509-B10C-4788-96D9-DFDA1FD64CFC}.Debug|Any CPU.Build.0 = Debug|Any CPU
		{4E40D509-B10C-4788-96D9-DFDA1FD64CFC}.Release|Any CPU.ActiveCfg = Release|Any CPU
		{4E40D509-B10C-4788-96D9-DFDA1FD64CFC}.Release|Any CPU.Build.0 = Release|Any CPU
	EndGlobalSection
	GlobalSection(SolutionProperties) = preSolution
		HideSolutionNode = FALSE
	EndGlobalSection
	GlobalSection(ExtensibilityGlobals) = postSolution
		SolutionGuid = {AB0940E0-78CE-4B44-8DA1-6228E079C01C}
	EndGlobalSection
EndGlobal
